
Microsoft Visual Studio Solution File, Format Version 12.00
# Visual Studio Version 17
VisualStudioVersion = 17.8.34330.188
MinimumVisualStudioVersion = 10.0.40219.1
Project("{FAE04EC0-301F-11D3-BF4B-00C04F79EFBC}") = "Imagine.Todo.Api", "Imagine.Todo.Api\Imagine.Todo.Api.csproj", "{2FC6293C-A75F-4972-A0FB-1B29A9E125C7}"
EndProject
Global
	GlobalSection(SolutionConfigurationPlatforms) = preSolution
		Debug|Any CPU = Debug|Any CPU
		Release|Any CPU = Release|Any CPU
	EndGlobalSection
	GlobalSection(ProjectConfigurationPlatforms) = postSolution
		{2FC6293C-A75F-4972-A0FB-1B29A9E125C7}.Debug|Any CPU.ActiveCfg = Debug|Any CPU
		{2FC6293C-A75F-4972-A0FB-1B29A9E125C7}.Debug|Any CPU.Build.0 = Debug|Any CPU
		{2FC6293C-A75F-4972-A0FB-1B29A9E125C7}.Release|Any CPU.ActiveCfg = Release|Any CPU
		{2FC6293C-A75F-4972-A0FB-1B29A9E125C7}.Release|Any CPU.Build.0 = Release|Any CPU
	EndGlobalSection
	GlobalSection(SolutionProperties) = preSolution
		HideSolutionNode = FALSE
	EndGlobalSection
	GlobalSection(ExtensibilityGlobals) = postSolution
		SolutionGuid = {63067216-5146-4CA4-AE43-D4E3B3FF0BBA}
	EndGlobalSection
EndGlobal
